// !$*UTF8*$!
{
	archiveVersion = 1;
	classes = {
	};
	objectVersion = 55;
	objects = {

/* Begin PBXBuildFile section */
		AEDA03E428539CB8009F8458 /* AppDelegate.swift in Sources */ = {isa = PBXBuildFile; fileRef = AEDA03E328539CB8009F8458 /* AppDelegate.swift */; };
		AEDA03E628539CB8009F8458 /* SceneDelegate.swift in Sources */ = {isa = PBXBuildFile; fileRef = AEDA03E528539CB8009F8458 /* SceneDelegate.swift */; };
		AEDA03E828539CB8009F8458 /* ViewController.swift in Sources */ = {isa = PBXBuildFile; fileRef = AEDA03E728539CB8009F8458 /* ViewController.swift */; };
		AEDA03EB28539CB8009F8458 /* Main.storyboard in Resources */ = {isa = PBXBuildFile; fileRef = AEDA03E928539CB8009F8458 /* Main.storyboard */; };
		AEDA03ED28539CBA009F8458 /* Assets.xcassets in Resources */ = {isa = PBXBuildFile; fileRef = AEDA03EC28539CBA009F8458 /* Assets.xcassets */; };
		AEDA03F028539CBA009F8458 /* LaunchScreen.storyboard in Resources */ = {isa = PBXBuildFile; fileRef = AEDA03EE28539CBA009F8458 /* LaunchScreen.storyboard */; };
		AEDA03F82853A3B5009F8458 /* Offer.swift in Sources */ = {isa = PBXBuildFile; fileRef = AEDA03F72853A3B5009F8458 /* Offer.swift */; };
		AEDA03FB2853A777009F8458 /* OfferCell.swift in Sources */ = {isa = PBXBuildFile; fileRef = AEDA03F92853A777009F8458 /* OfferCell.swift */; };
		AEDA03FC2853A777009F8458 /* OfferCell.xib in Resources */ = {isa = PBXBuildFile; fileRef = AEDA03FA2853A777009F8458 /* OfferCell.xib */; };
/* End PBXBuildFile section */

/* Begin PBXFileReference section */
		AEDA03E028539CB8009F8458 /* CollectionViewApp.app */ = {isa = PBXFileReference; explicitFileType = wrapper.application; includeInIndex = 0; path = CollectionViewApp.app; sourceTree = BUILT_PRODUCTS_DIR; };
		AEDA03E328539CB8009F8458 /* AppDelegate.swift */ = {isa = PBXFileReference; lastKnownFileType = sourcecode.swift; path = AppDelegate.swift; sourceTree = "<group>"; };
		AEDA03E528539CB8009F8458 /* SceneDelegate.swift */ = {isa = PBXFileReference; lastKnownFileType = sourcecode.swift; path = SceneDelegate.swift; sourceTree = "<group>"; };
		AEDA03E728539CB8009F8458 /* ViewController.swift */ = {isa = PBXFileReference; lastKnownFileType = sourcecode.swift; path = ViewController.swift; sourceTree = "<group>"; };
		AEDA03EA28539CB8009F8458 /* Base */ = {isa = PBXFileReference; lastKnownFileType = file.storyboard; name = Base; path = Base.lproj/Main.storyboard; sourceTree = "<group>"; };
		AEDA03EC28539CBA009F8458 /* Assets.xcassets */ = {isa = PBXFileReference; lastKnownFileType = folder.assetcatalog; path = Assets.xcassets; sourceTree = "<group>"; };
		AEDA03EF28539CBA009F8458 /* Base */ = {isa = PBXFileReference; lastKnownFileType = file.storyboard; name = Base; path = Base.lproj/LaunchScreen.storyboard; sourceTree = "<group>"; };
		AEDA03F128539CBA009F8458 /* Info.plist */ = {isa = PBXFileReference; lastKnownFileType = text.plist.xml; path = Info.plist; sourceTree = "<group>"; };
		AEDA03F72853A3B5009F8458 /* Offer.swift */ = {isa = PBXFileReference; lastKnownFileType = sourcecode.swift; path = Offer.swift; sourceTree = "<group>"; };
		AEDA03F92853A777009F8458 /* OfferCell.swift */ = {isa = PBXFileReference; lastKnownFileType = sourcecode.swift; path = OfferCell.swift; sourceTree = "<group>"; };
		AEDA03FA2853A777009F8458 /* OfferCell.xib */ = {isa = PBXFileReference; lastKnownFileType = file.xib; path = OfferCell.xib; sourceTree = "<group>"; };
/* End PBXFileReference section */

/* Begin PBXFrameworksBuildPhase section */
		AEDA03DD28539CB8009F8458 /* Frameworks */ = {
			isa = PBXFrameworksBuildPhase;
			buildActionMask = 2147483647;
			files = (
			);
			runOnlyForDeploymentPostprocessing = 0;
		};
/* End PBXFrameworksBuildPhase section */

/* Begin PBXGroup section */
		AEDA03D728539CB8009F8458 = {
			isa = PBXGroup;
			children = (
				AEDA03E228539CB8009F8458 /* CollectionViewApp */,
				AEDA03E128539CB8009F8458 /* Products */,
			);
			sourceTree = "<group>";
		};
		AEDA03E128539CB8009F8458 /* Products */ = {
			isa = PBXGroup;
			children = (
				AEDA03E028539CB8009F8458 /* CollectionViewApp.app */,
			);
			name = Products;
			sourceTree = "<group>";
		};
		AEDA03E228539CB8009F8458 /* CollectionViewApp */ = {
			isa = PBXGroup;
			children = (
				AEDA03E328539CB8009F8458 /* AppDelegate.swift */,
				AEDA03E528539CB8009F8458 /* SceneDelegate.swift */,
				AEDA03E728539CB8009F8458 /* ViewController.swift */,
				AEDA03E928539CB8009F8458 /* Main.storyboard */,
				AEDA03EC28539CBA009F8458 /* Assets.xcassets */,
				AEDA03EE28539CBA009F8458 /* LaunchScreen.storyboard */,
				AEDA03F128539CBA009F8458 /* Info.plist */,
				AEDA03F72853A3B5009F8458 /* Offer.swift */,
				AEDA03F92853A777009F8458 /* OfferCell.swift */,
				AEDA03FA2853A777009F8458 /* OfferCell.xib */,
			);
			path = CollectionViewApp;
			sourceTree = "<group>";
		};
/* End PBXGroup section */

/* Begin PBXNativeTarget section */
		AEDA03DF28539CB8009F8458 /* CollectionViewApp */ = {
			isa = PBXNativeTarget;
			buildConfigurationList = AEDA03F428539CBA009F8458 /* Build configuration list for PBXNativeTarget "CollectionViewApp" */;
			buildPhases = (
				AEDA03DC28539CB8009F8458 /* Sources */,
				AEDA03DD28539CB8009F8458 /* Frameworks */,
				AEDA03DE28539CB8009F8458 /* Resources */,
			);
			buildRules = (
			);
			dependencies = (
			);
			name = CollectionViewApp;
			productName = CollectionViewApp;
			productReference = AEDA03E028539CB8009F8458 /* CollectionViewApp.app */;
			productType = "com.apple.product-type.application";
		};
/* End PBXNativeTarget section */

/* Begin PBXProject section */
		AEDA03D828539CB8009F8458 /* Project object */ = {
			isa = PBXProject;
			attributes = {
				BuildIndependentTargetsInParallel = 1;
				LastSwiftUpdateCheck = 1340;
				LastUpgradeCheck = 1340;
				TargetAttributes = {
					AEDA03DF28539CB8009F8458 = {
						CreatedOnToolsVersion = 13.4.1;
					};
				};
			};
			buildConfigurationList = AEDA03DB28539CB8009F8458 /* Build configuration list for PBXProject "CollectionViewApp" */;
			compatibilityVersion = "Xcode 13.0";
			developmentRegion = en;
			hasScannedForEncodings = 0;
			knownRegions = (
				en,
				Base,
			);
			mainGroup = AEDA03D728539CB8009F8458;
			productRefGroup = AEDA03E128539CB8009F8458 /* Products */;
			projectDirPath = "";
			projectRoot = "";
			targets = (
				AEDA03DF28539CB8009F8458 /* CollectionViewApp */,
			);
		};
/* End PBXProject section */

/* Begin PBXResourcesBuildPhase section */
		AEDA03DE28539CB8009F8458 /* Resources */ = {
			isa = PBXResourcesBuildPhase;
			buildActionMask = 2147483647;
			files = (
				AEDA03FC2853A777009F8458 /* OfferCell.xib in Resources */,
				AEDA03F028539CBA009F8458 /* LaunchScreen.storyboard in Resources */,
				AEDA03ED28539CBA009F8458 /* Assets.xcassets in Resources */,
				AEDA03EB28539CB8009F8458 /* Main.storyboard in Resources */,
			);
			runOnlyForDeploymentPostprocessing = 0;
		};
/* End PBXResourcesBuildPhase section */

/* Begin PBXSourcesBuildPhase section */
		AEDA03DC28539CB8009F8458 /* Sources */ = {
			isa = PBXSourcesBuildPhase;
			buildActionMask = 2147483647;
			files = (
				AEDA03F82853A3B5009F8458 /* Offer.swift in Sources */,
				AEDA03E828539CB8009F8458 /* ViewController.swift in Sources */,
				AEDA03FB2853A777009F8458 /* OfferCell.swift in Sources */,
				AEDA03E428539CB8009F8458 /* AppDelegate.swift in Sources */,
				AEDA03E628539CB8009F8458 /* SceneDelegate.swift in Sources */,
			);
			runOnlyForDeploymentPostprocessing = 0;
		};
/* End PBXSourcesBuildPhase section */

/* Begin PBXVariantGroup section */
		AEDA03E928539CB8009F8458 /* Main.storyboard */ = {
			isa = PBXVariantGroup;
			children = (
				AEDA03EA28539CB8009F8458 /* Base */,
			);
			name = Main.storyboard;
			sourceTree = "<group>";
		};
		AEDA03EE28539CBA009F8458 /* LaunchScreen.storyboard */ = {
			isa = PBXVariantGroup;
			children = (
				AEDA03EF28539CBA009F8458 /* Base */,
			);
			name = LaunchScreen.storyboard;
			sourceTree = "<group>";
		};
/* End PBXVariantGroup section */

/* Begin XCBuildConfiguration section */
		AEDA03F228539CBA009F8458 /* Debug */ = {
			isa = XCBuildConfiguration;
			buildSettings = {
				ALWAYS_SEARCH_USER_PATHS = NO;
				CLANG_ANALYZER_NONNULL = YES;
				CLANG_ANALYZER_NUMBER_OBJECT_CONVERSION = YES_AGGRESSIVE;
				CLANG_CXX_LANGUAGE_STANDARD = "gnu++17";
				CLANG_ENABLE_MODULES = YES;
				CLANG_ENABLE_OBJC_ARC = YES;
				CLANG_ENABLE_OBJC_WEAK = YES;
				CLANG_WARN_BLOCK_CAPTURE_AUTORELEASING = YES;
				CLANG_WARN_BOOL_CONVERSION = YES;
				CLANG_WARN_COMMA = YES;
				CLANG_WARN_CONSTANT_CONVERSION = YES;
				CLANG_WARN_DEPRECATED_OBJC_IMPLEMENTATIONS = YES;
				CLANG_WARN_DIRECT_OBJC_ISA_USAGE = YES_ERROR;
				CLANG_WARN_DOCUMENTATION_COMMENTS = YES;
				CLANG_WARN_EMPTY_BODY = YES;
				CLANG_WARN_ENUM_CONVERSION = YES;
				CLANG_WARN_INFINITE_RECURSION = YES;
				CLANG_WARN_INT_CONVERSION = YES;
				CLANG_WARN_NON_LITERAL_NULL_CONVERSION = YES;
				CLANG_WARN_OBJC_IMPLICIT_RETAIN_SELF = YES;
				CLANG_WARN_OBJC_LITERAL_CONVERSION = YES;
				CLANG_WARN_OBJC_ROOT_CLASS = YES_ERROR;
				CLANG_WARN_QUOTED_INCLUDE_IN_FRAMEWORK_HEADER = YES;
				CLANG_WARN_RANGE_LOOP_ANALYSIS = YES;
				CLANG_WARN_STRICT_PROTOTYPES = YES;
				CLANG_WARN_SUSPICIOUS_MOVE = YES;
				CLANG_WARN_UNGUARDED_AVAILABILITY = YES_AGGRESSIVE;
				CLANG_WARN_UNREACHABLE_CODE = YES;
				CLANG_WARN__DUPLICATE_METHOD_MATCH = YES;
				COPY_PHASE_STRIP = NO;
				DEBUG_INFORMATION_FORMAT = dwarf;
				ENABLE_STRICT_OBJC_MSGSEND = YES;
				ENABLE_TESTABILITY = YES;
				GCC_C_LANGUAGE_STANDARD = gnu11;
				GCC_DYNAMIC_NO_PIC = NO;
				GCC_NO_COMMON_BLOCKS = YES;
				GCC_OPTIMIZATION_LEVEL = 0;
				GCC_PREPROCESSOR_DEFINITIONS = (
					"DEBUG=1",
					"$(inherited)",
				);
				GCC_WARN_64_TO_32_BIT_CONVERSION = YES;
				GCC_WARN_ABOUT_RETURN_TYPE = YES_ERROR;
				GCC_WARN_UNDECLARED_SELECTOR = YES;
				GCC_WARN_UNINITIALIZED_AUTOS = YES_AGGRESSIVE;
				GCC_WARN_UNUSED_FUNCTION = YES;
				GCC_WARN_UNUSED_VARIABLE = YES;
				IPHONEOS_DEPLOYMENT_TARGET = 15.5;
				MTL_ENABLE_DEBUG_INFO = INCLUDE_SOURCE;
				MTL_FAST_MATH = YES;
				ONLY_ACTIVE_ARCH = YES;
				SDKROOT = iphoneos;
				SWIFT_ACTIVE_COMPILATION_CONDITIONS = DEBUG;
				SWIFT_OPTIMIZATION_LEVEL = "-Onone";
			};
			name = Debug;
		};
		AEDA03F328539CBA009F8458 /* Release */ = {
			isa = XCBuildConfiguration;
			buildSettings = {
				ALWAYS_SEARCH_USER_PATHS = NO;
				CLANG_ANALYZER_NONNULL = YES;
				CLANG_ANALYZER_NUMBER_OBJECT_CONVERSION = YES_AGGRESSIVE;
				CLANG_CXX_LANGUAGE_STANDARD = "gnu++17";
				CLANG_ENABLE_MODULES = YES;
				CLANG_ENABLE_OBJC_ARC = YES;
				CLANG_ENABLE_OBJC_WEAK = YES;
				CLANG_WARN_BLOCK_CAPTURE_AUTORELEASING = YES;
				CLANG_WARN_BOOL_CONVERSION = YES;
				CLANG_WARN_COMMA = YES;
				CLANG_WARN_CONSTANT_CONVERSION = YES;
				CLANG_WARN_DEPRECATED_OBJC_IMPLEMENTATIONS = YES;
				CLANG_WARN_DIRECT_OBJC_ISA_USAGE = YES_ERROR;
				CLANG_WARN_DOCUMENTATION_COMMENTS = YES;
				CLANG_WARN_EMPTY_BODY = YES;
				CLANG_WARN_ENUM_CONVERSION = YES;
				CLANG_WARN_INFINITE_RECURSION = YES;
				CLANG_WARN_INT_CONVERSION = YES;
				CLANG_WARN_NON_LITERAL_NULL_CONVERSION = YES;
				CLANG_WARN_OBJC_IMPLICIT_RETAIN_SELF = YES;
				CLANG_WARN_OBJC_LITERAL_CONVERSION = YES;
				CLANG_WARN_OBJC_ROOT_CLASS = YES_ERROR;
				CLANG_WARN_QUOTED_INCLUDE_IN_FRAMEWORK_HEADER = YES;
				CLANG_WARN_RANGE_LOOP_ANALYSIS = YES;
				CLANG_WARN_STRICT_PROTOTYPES = YES;
				CLANG_WARN_SUSPICIOUS_MOVE = YES;
				CLANG_WARN_UNGUARDED_AVAILABILITY = YES_AGGRESSIVE;
				CLANG_WARN_UNREACHABLE_CODE = YES;
				CLANG_WARN__DUPLICATE_METHOD_MATCH = YES;
				COPY_PHASE_STRIP = NO;
				DEBUG_INFORMATION_FORMAT = "dwarf-with-dsym";
				ENABLE_NS_ASSERTIONS = NO;
				ENABLE_STRICT_OBJC_MSGSEND = YES;
				GCC_C_LANGUAGE_STANDARD = gnu11;
				GCC_NO_COMMON_BLOCKS = YES;
				GCC_WARN_64_TO_32_BIT_CONVERSION = YES;
				GCC_WARN_ABOUT_RETURN_TYPE = YES_ERROR;
				GCC_WARN_UNDECLARED_SELECTOR = YES;
				GCC_WARN_UNINITIALIZED_AUTOS = YES_AGGRESSIVE;
				GCC_WARN_UNUSED_FUNCTION = YES;
				GCC_WARN_UNUSED_VARIABLE = YES;
				IPHONEOS_DEPLOYMENT_TARGET = 15.5;
				MTL_ENABLE_DEBUG_INFO = NO;
				MTL_FAST_MATH = YES;
				SDKROOT = iphoneos;
				SWIFT_COMPILATION_MODE = wholemodule;
				SWIFT_OPTIMIZATION_LEVEL = "-O";
				VALIDATE_PRODUCT = YES;
			};
			name = Release;
		};
		AEDA03F528539CBA009F8458 /* Debug */ = {
			isa = XCBuildConfiguration;
			buildSettings = {
				ASSETCATALOG_COMPILER_APPICON_NAME = AppIcon;
				ASSETCATALOG_COMPILER_GLOBAL_ACCENT_COLOR_NAME = AccentColor;
				CODE_SIGN_STYLE = Automatic;
				CURRENT_PROJECT_VERSION = 1;
				DEVELOPMENT_TEAM = GUV5H3HU85;
				GENERATE_INFOPLIST_FILE = YES;
				INFOPLIST_FILE = CollectionViewApp/Info.plist;
				INFOPLIST_KEY_UIApplicationSupportsIndirectInputEvents = YES;
				INFOPLIST_KEY_UILaunchStoryboardName = LaunchScreen;
				INFOPLIST_KEY_UIMainStoryboardFile = Main;
				INFOPLIST_KEY_UISupportedInterfaceOrientations_iPad = "UIInterfaceOrientationPortrait UIInterfaceOrientationPortraitUpsideDown UIInterfaceOrientationLandscapeLeft UIInterfaceOrientationLandscapeRight";
				INFOPLIST_KEY_UISupportedInterfaceOrientations_iPhone = "UIInterfaceOrientationPortrait UIInterfaceOrientationLandscapeLeft UIInterfaceOrientationLandscapeRight";
				LD_RUNPATH_SEARCH_PATHS = (
					"$(inherited)",
					"@executable_path/Frameworks",
				);
				MARKETING_VERSION = 1.0;
				PRODUCT_BUNDLE_IDENTIFIER = pritamdash.CollectionViewApp;
				PRODUCT_NAME = "$(TARGET_NAME)";
				SWIFT_EMIT_LOC_STRINGS = YES;
				SWIFT_VERSION = 5.0;
				TARGETED_DEVICE_FAMILY = "1,2";
			};
			name = Debug;
		};
		AEDA03F628539CBA009F8458 /* Release */ = {
			isa = XCBuildConfiguration;
			buildSettings = {
				ASSETCATALOG_COMPILER_APPICON_NAME = AppIcon;
				ASSETCATALOG_COMPILER_GLOBAL_ACCENT_COLOR_NAME = AccentColor;
				CODE_SIGN_STYLE = Automatic;
				CURRENT_PROJECT_VERSION = 1;
				DEVELOPMENT_TEAM = GUV5H3HU85;
				GENERATE_INFOPLIST_FILE = YES;
				INFOPLIST_FILE = CollectionViewApp/Info.plist;
				INFOPLIST_KEY_UIApplicationSupportsIndirectInputEvents = YES;
				INFOPLIST_KEY_UILaunchStoryboardName = LaunchScreen;
				INFOPLIST_KEY_UIMainStoryboardFile = Main;
				INFOPLIST_KEY_UISupportedInterfaceOrientations_iPad = "UIInterfaceOrientationPortrait UIInterfaceOrientationPortraitUpsideDown UIInterfaceOrientationLandscapeLeft UIInterfaceOrientationLandscapeRight";
				INFOPLIST_KEY_UISupportedInterfaceOrientations_iPhone = "UIInterfaceOrientationPortrait UIInterfaceOrientationLandscapeLeft UIInterfaceOrientationLandscapeRight";
				LD_RUNPATH_SEARCH_PATHS = (
					"$(inherited)",
					"@executable_path/Frameworks",
				);
				MARKETING_VERSION = 1.0;
				PRODUCT_BUNDLE_IDENTIFIER = pritamdash.CollectionViewApp;
				PRODUCT_NAME = "$(TARGET_NAME)";
				SWIFT_EMIT_LOC_STRINGS = YES;
				SWIFT_VERSION = 5.0;
				TARGETED_DEVICE_FAMILY = "1,2";
			};
			name = Release;
		};
/* End XCBuildConfiguration section */

/* Begin XCConfigurationList section */
		AEDA03DB28539CB8009F8458 /* Build configuration list for PBXProject "CollectionViewApp" */ = {
			isa = XCConfigurationList;
			buildConfigurations = (
				AEDA03F228539CBA009F8458 /* Debug */,
				AEDA03F328539CBA009F8458 /* Release */,
			);
			defaultConfigurationIsVisible = 0;
			defaultConfigurationName = Release;
		};
		AEDA03F428539CBA009F8458 /* Build configuration list for PBXNativeTarget "CollectionViewApp" */ = {
			isa = XCConfigurationList;
			buildConfigurations = (
				AEDA03F528539CBA009F8458 /* Debug */,
				AEDA03F628539CBA009F8458 /* Release */,
			);
			defaultConfigurationIsVisible = 0;
			defaultConfigurationName = Release;
		};
/* End XCConfigurationList section */
	};
	rootObject = AEDA03D828539CB8009F8458 /* Project object */;
}
